# THIS IS AN AUTOGENERATED FILE. DO NOT EDIT THIS FILE DIRECTLY.
# yarn lockfile v1


aframe@^1.0.3:
  version "1.0.3"
  resolved "https://registry.yarnpkg.com/aframe/-/aframe-1.0.3.tgz#d7f9093d75cfb30c2cc09e54aeb9a514184f6e28"
  integrity sha512-Du/yO8XigqWn5120aTAL0mish5Gl3hxADhEr0jNzs1MvuJvbOyeuJwKUzm1RcdM14RvnjZhRo6AzRpRh4HAEWQ==
  dependencies:
    custom-event-polyfill "^1.0.6"
    debug ngokevin/debug#noTimestamp
    deep-assign "^2.0.0"
    document-register-element dmarcos/document-register-element#8ccc532b7f3744be954574caf3072a5fd260ca90
    load-bmfont "^1.2.3"
    object-assign "^4.0.1"
    present "0.0.6"
    promise-polyfill "^3.1.0"
    super-animejs "^3.1.0"
    super-three "^0.111.5"
    three-bmfont-text dmarcos/three-bmfont-text#1babdf8507
    webvr-polyfill "^0.10.10"

an-array@^1.0.0:
  version "1.0.0"
  resolved "https://registry.yarnpkg.com/an-array/-/an-array-1.0.0.tgz#c125a5bb8257778e35f4b4f6aa9c7d0fa9e42665"
  integrity sha1-wSWlu4JXd4419LT2qpx9D6nkJmU=

ar.js@^2.1.4:
  version "2.1.4"
  resolved "https://registry.yarnpkg.com/ar.js/-/ar.js-2.1.4.tgz#0eeeba2eb04840806ee73d047d2fc5d51c33bb7b"
  integrity sha512-qfcWrZSqSjskKnemWHvT0W/PEW8uDY8uI3mFM8pdSIli6LPpY0sSNm/lN13YE/IfBJ86YuTy6duVNDwxzU57rg==

array-shuffle@^1.0.1:
  version "1.0.1"
  resolved "https://registry.yarnpkg.com/array-shuffle/-/array-shuffle-1.0.1.tgz#7ea4882a356b4bca5f545e0b6e52eaf6d971557a"
  integrity sha1-fqSIKjVrS8pfVF4LblLq9tlxVXo=

as-number@^1.0.0:
  version "1.0.0"
  resolved "https://registry.yarnpkg.com/as-number/-/as-number-1.0.0.tgz#acb27e34f8f9d8ab0da9e376f3b8959860f80a66"
  integrity sha1-rLJ+NPj52KsNqeN287iVmGD4CmY=

buffer-equal@0.0.1:
  version "0.0.1"
  resolved "https://registry.yarnpkg.com/buffer-equal/-/buffer-equal-0.0.1.tgz#91bc74b11ea405bc916bc6aa908faafa5b4aac4b"
  integrity sha1-kbx0sR6kBbyRa8aqkI+q+ltKrEs=

buffer-to-arraybuffer@^0.0.5:
  version "0.0.5"
  resolved "https://registry.yarnpkg.com/buffer-to-arraybuffer/-/buffer-to-arraybuffer-0.0.5.tgz#6064a40fa76eb43c723aba9ef8f6e1216d10511a"
  integrity sha1-YGSkD6dutDxyOrqe+PbhIW0QURo=

cardboard-vr-display@^1.0.18:
  version "1.0.18"
  resolved "https://registry.yarnpkg.com/cardboard-vr-display/-/cardboard-vr-display-1.0.18.tgz#50d0eadcb3a3b3f172f80ba213c50c602b2637ab"
  integrity sha512-G1UEitQBT3pODLnMx37xv9JyZktCBTkwjxS4Vz9KmYL0Ln+Crm/CI7o4WEqAyS6xZjxR3cAvcClou1edX/JUbA==
  dependencies:
    gl-preserve-state "^1.0.0"
    nosleep.js "^0.7.0"
    webvr-polyfill-dpdb "^1.0.17"

custom-event-polyfill@^1.0.6:
  version "1.0.7"
  resolved "https://registry.yarnpkg.com/custom-event-polyfill/-/custom-event-polyfill-1.0.7.tgz#9bc993ddda937c1a30ccd335614c6c58c4f87aee"
  integrity sha512-TDDkd5DkaZxZFM8p+1I3yAlvM3rSr1wbrOliG4yJiwinMZN8z/iGL7BTlDkrJcYTmgUSb4ywVCc3ZaUtOtC76w==

debug@ngokevin/debug#noTimestamp:
  version "2.2.0"
  uid ef5f8e66d49ce8bc64c6f282c15f8b7164409e3a
  resolved "https://codeload.github.com/ngokevin/debug/tar.gz/ef5f8e66d49ce8bc64c6f282c15f8b7164409e3a"

decode-uri-component@^0.2.0:
  version "0.2.0"
  resolved "https://registry.yarnpkg.com/decode-uri-component/-/decode-uri-component-0.2.0.tgz#eb3913333458775cb84cd1a1fae062106bb87545"
  integrity sha1-6zkTMzRYd1y4TNGh+uBiEGu4dUU=

decompress-response@^3.3.0:
  version "3.3.0"
  resolved "https://registry.yarnpkg.com/decompress-response/-/decompress-response-3.3.0.tgz#80a4dd323748384bfa248083622aedec982adff3"
  integrity sha1-gKTdMjdIOEv6JICDYirt7Jgq3/M=
  dependencies:
    mimic-response "^1.0.0"

deep-assign@^2.0.0:
  version "2.0.0"
  resolved "https://registry.yarnpkg.com/deep-assign/-/deep-assign-2.0.0.tgz#ebe06b1f07f08dae597620e3dd1622f371a1c572"
  integrity sha1-6+BrHwfwja5ZdiDj3RYi83GhxXI=
  dependencies:
    is-obj "^1.0.0"

document-register-element@dmarcos/document-register-element#8ccc532b7f3744be954574caf3072a5fd260ca90:
  version "0.5.4"
  uid "8ccc532b7f3744be954574caf3072a5fd260ca90"
  resolved "https://codeload.github.com/dmarcos/document-register-element/tar.gz/8ccc532b7f3744be954574caf3072a5fd260ca90"

dom-walk@^0.1.0:
  version "0.1.1"
  resolved "https://registry.yarnpkg.com/dom-walk/-/dom-walk-0.1.1.tgz#672226dc74c8f799ad35307df936aba11acd6018"
  integrity sha1-ZyIm3HTI95mtNTB9+TaroRrNYBg=

dtype@^2.0.0:
  version "2.0.0"
  resolved "https://registry.yarnpkg.com/dtype/-/dtype-2.0.0.tgz#cd052323ce061444ecd2e8f5748f69a29be28434"
  integrity sha1-zQUjI84GFETs0uj1dI9popvihDQ=

flatten-vertex-data@^1.0.0:
  version "1.0.2"
  resolved "https://registry.yarnpkg.com/flatten-vertex-data/-/flatten-vertex-data-1.0.2.tgz#889fd60bea506006ca33955ee1105175fb620219"
  integrity sha512-BvCBFK2NZqerFTdMDgqfHBwxYWnxeCkwONsw6PvBMcUXqo8U/KDWwmXhqx1x2kLIg7DqIsJfOaJFOmlua3Lxuw==
  dependencies:
    dtype "^2.0.0"

gl-preserve-state@^1.0.0:
  version "1.0.0"
  resolved "https://registry.yarnpkg.com/gl-preserve-state/-/gl-preserve-state-1.0.0.tgz#4ef710d62873f1470ed015c6546c37dacddd4198"
  integrity sha512-zQZ25l3haD4hvgJZ6C9+s0ebdkW9y+7U2qxvGu1uWOJh8a4RU+jURIKEQhf8elIlFpMH6CrAY2tH0mYrRjet3Q==

global@~4.3.0:
  version "4.3.2"
  resolved "https://registry.yarnpkg.com/global/-/global-4.3.2.tgz#e76989268a6c74c38908b1305b10fc0e394e9d0f"
  integrity sha1-52mJJopsdMOJCLEwWxD8DjlOnQ8=
  dependencies:
    min-document "^2.19.0"
    process "~0.5.1"

inherits@^2.0.1:
  version "2.0.4"
  resolved "https://registry.yarnpkg.com/inherits/-/inherits-2.0.4.tgz#0fa2c64f932917c3433a0ded55363aae37416b7c"
  integrity sha512-k/vGaX4/Yla3WzyMCvTQOXYeIHvqOKtnqBduzTHpzpQZzAskKMhZ2K+EnBiSM9zGSoIFeMpXKxa4dYeZIQqewQ==

is-buffer@^1.0.2:
  version "1.1.6"
  resolved "https://registry.yarnpkg.com/is-buffer/-/is-buffer-1.1.6.tgz#efaa2ea9daa0d7ab2ea13a97b2b8ad51fefbe8be"
  integrity sha512-NcdALwpXkTm5Zvvbk7owOUSvVvBKDgKP5/ewfXEznmQFfs4ZRmanOeKBTjRVjka3QFoN6XJ+9F3USqfHqTaU5w==

is-function@^1.0.1:
  version "1.0.1"
  resolved "https://registry.yarnpkg.com/is-function/-/is-function-1.0.1.tgz#12cfb98b65b57dd3d193a3121f5f6e2f437602b5"
  integrity sha1-Es+5i2W1fdPRk6MSH19uL0N2ArU=

is-obj@^1.0.0:
  version "1.0.1"
  resolved "https://registry.yarnpkg.com/is-obj/-/is-obj-1.0.1.tgz#3e4729ac1f5fde025cd7d83a896dab9f4f67db0f"
  integrity sha1-PkcprB9f3gJc19g6iW2rn09n2w8=

layout-bmfont-text@^1.2.0:
  version "1.3.4"
  resolved "https://registry.yarnpkg.com/layout-bmfont-text/-/layout-bmfont-text-1.3.4.tgz#f20f2c5464774f48da6ce8a997fbce6d46945b81"
  integrity sha1-8g8sVGR3T0jabOipl/vObUaUW4E=
  dependencies:
    as-number "^1.0.0"
    word-wrapper "^1.0.7"
    xtend "^4.0.0"

load-bmfont@^1.2.3:
  version "1.4.0"
  resolved "https://registry.yarnpkg.com/load-bmfont/-/load-bmfont-1.4.0.tgz#75f17070b14a8c785fe7f5bee2e6fd4f98093b6b"
  integrity sha512-kT63aTAlNhZARowaNYcY29Fn/QYkc52M3l6V1ifRcPewg2lvUZDAj7R6dXjOL9D0sict76op3T5+odumDSF81g==
  dependencies:
    buffer-equal "0.0.1"
    mime "^1.3.4"
    parse-bmfont-ascii "^1.0.3"
    parse-bmfont-binary "^1.0.5"
    parse-bmfont-xml "^1.1.4"
    phin "^2.9.1"
    xhr "^2.0.1"
    xtend "^4.0.0"

map-limit@0.0.1:
  version "0.0.1"
  resolved "https://registry.yarnpkg.com/map-limit/-/map-limit-0.0.1.tgz#eb7961031c0f0e8d001bf2d56fab685d58822f38"
  integrity sha1-63lhAxwPDo0AG/LVb6toXViCLzg=
  dependencies:
    once "~1.3.0"

mime@^1.3.4:
  version "1.6.0"
  resolved "https://registry.yarnpkg.com/mime/-/mime-1.6.0.tgz#32cd9e5c64553bd58d19a568af452acff04981b1"
  integrity sha512-x0Vn8spI+wuJ1O6S7gnbaQg8Pxh4NNHb7KSINmEWKiPE4RKOplvijn+NkmYmmRgP68mc70j2EbeTFRsrswaQeg==

mimic-response@^1.0.0:
  version "1.0.1"
  resolved "https://registry.yarnpkg.com/mimic-response/-/mimic-response-1.0.1.tgz#4923538878eef42063cb8a3e3b0798781487ab1b"
  integrity sha512-j5EctnkH7amfV/q5Hgmoal1g2QHFJRraOtmx0JpIqkxhBhI/lJSl1nMpQ45hVarwNETOoWEimndZ4QK0RHxuxQ==

min-document@^2.19.0:
  version "2.19.0"
  resolved "https://registry.yarnpkg.com/min-document/-/min-document-2.19.0.tgz#7bd282e3f5842ed295bb748cdd9f1ffa2c824685"
  integrity sha1-e9KC4/WELtKVu3SM3Z8f+iyCRoU=
  dependencies:
    dom-walk "^0.1.0"

minimist@^1.2.0:
  version "1.2.0"
  resolved "https://registry.yarnpkg.com/minimist/-/minimist-1.2.0.tgz#a35008b20f41383eec1fb914f4cd5df79a264284"
  integrity sha1-o1AIsg9BOD7sH7kU9M1d95omQoQ=

new-array@^1.0.0:
  version "1.0.0"
  resolved "https://registry.yarnpkg.com/new-array/-/new-array-1.0.0.tgz#5dbc639d961eac7f1a9fbc1a7146ec12f2924fbf"
  integrity sha1-XbxjnZYerH8an7wacUbsEvKST78=

nice-color-palettes@^1.0.1:
  version "1.0.1"
  resolved "https://registry.yarnpkg.com/nice-color-palettes/-/nice-color-palettes-1.0.1.tgz#875ea01dc86efae7f595e066a8b2660e7206053e"
  integrity sha1-h16gHchu+uf1leBmqLJmDnIGBT4=
  dependencies:
    map-limit "0.0.1"
    minimist "^1.2.0"
    new-array "^1.0.0"
    xhr-request "^1.0.1"

nosleep.js@^0.7.0:
  version "0.7.0"
  resolved "https://registry.yarnpkg.com/nosleep.js/-/nosleep.js-0.7.0.tgz#cfd919c25523ca0d0f4a69fb3305c083adaee289"
  integrity sha1-z9kZwlUjyg0PSmn7MwXAg62u4ok=

object-assign@^4.0.1, object-assign@^4.1.0, object-assign@^4.1.1:
  version "4.1.1"
  resolved "https://registry.yarnpkg.com/object-assign/-/object-assign-4.1.1.tgz#2109adc7965887cfc05cbbd442cac8bfbb360863"
  integrity sha1-IQmtx5ZYh8/AXLvUQsrIv7s2CGM=

once@^1.3.1:
  version "1.4.0"
  resolved "https://registry.yarnpkg.com/once/-/once-1.4.0.tgz#583b1aa775961d4b113ac17d9c50baef9dd76bd1"
  integrity sha1-WDsap3WWHUsROsF9nFC6753Xa9E=
  dependencies:
    wrappy "1"

once@~1.3.0:
  version "1.3.3"
  resolved "https://registry.yarnpkg.com/once/-/once-1.3.3.tgz#b2e261557ce4c314ec8304f3fa82663e4297ca20"
  integrity sha1-suJhVXzkwxTsgwTz+oJmPkKXyiA=
  dependencies:
    wrappy "1"

parse-bmfont-ascii@^1.0.3:
  version "1.0.6"
  resolved "https://registry.yarnpkg.com/parse-bmfont-ascii/-/parse-bmfont-ascii-1.0.6.tgz#11ac3c3ff58f7c2020ab22769079108d4dfa0285"
  integrity sha1-Eaw8P/WPfCAgqyJ2kHkQjU36AoU=

parse-bmfont-binary@^1.0.5:
  version "1.0.6"
  resolved "https://registry.yarnpkg.com/parse-bmfont-binary/-/parse-bmfont-binary-1.0.6.tgz#d038b476d3e9dd9db1e11a0b0e53a22792b69006"
  integrity sha1-0Di0dtPp3Z2x4RoLDlOiJ5K2kAY=

parse-bmfont-xml@^1.1.4:
  version "1.1.4"
  resolved "https://registry.yarnpkg.com/parse-bmfont-xml/-/parse-bmfont-xml-1.1.4.tgz#015319797e3e12f9e739c4d513872cd2fa35f389"
  integrity sha512-bjnliEOmGv3y1aMEfREMBJ9tfL3WR0i0CKPj61DnSLaoxWR3nLrsQrEbCId/8rF4NyRF0cCqisSVXyQYWM+mCQ==
  dependencies:
    xml-parse-from-string "^1.0.0"
    xml2js "^0.4.5"

parse-headers@^2.0.0:
  version "2.0.3"
  resolved "https://registry.yarnpkg.com/parse-headers/-/parse-headers-2.0.3.tgz#5e8e7512383d140ba02f0c7aa9f49b4399c92515"
  integrity sha512-QhhZ+DCCit2Coi2vmAKbq5RGTRcQUOE2+REgv8vdyu7MnYx2eZztegqtTx99TZ86GTIwqiy3+4nQTWZ2tgmdCA==

phin@^2.9.1:
  version "2.9.3"
  resolved "https://registry.yarnpkg.com/phin/-/phin-2.9.3.tgz#f9b6ac10a035636fb65dfc576aaaa17b8743125c"
  integrity sha512-CzFr90qM24ju5f88quFC/6qohjC144rehe5n6DH900lgXmUe86+xCKc10ev56gRKC4/BkHUoG4uSiQgBiIXwDA==

present@0.0.6:
  version "0.0.6"
  resolved "https://registry.yarnpkg.com/present/-/present-0.0.6.tgz#9eeff700daa9e998613352e47f7ac2324d4faf02"
  integrity sha1-nu/3ANqp6ZhhM1Lkf3rCMk1PrwI=

process@~0.5.1:
  version "0.5.2"
  resolved "https://registry.yarnpkg.com/process/-/process-0.5.2.tgz#1638d8a8e34c2f440a91db95ab9aeb677fc185cf"
  integrity sha1-FjjYqONML0QKkduVq5rrZ3/Bhc8=

promise-polyfill@^3.1.0:
  version "3.1.0"
  resolved "https://registry.yarnpkg.com/promise-polyfill/-/promise-polyfill-3.1.0.tgz#62952b01d059b115b432763b7ef461b80f6df47d"
  integrity sha1-YpUrAdBZsRW0MnY7fvRhuA9t9H0=

quad-indices@^2.0.1:
  version "2.0.1"
  resolved "https://registry.yarnpkg.com/quad-indices/-/quad-indices-2.0.1.tgz#a6941d89a13d63eed6c1d4a5a621a0463617a814"
  integrity sha1-ppQdiaE9Y+7WwdSlpiGgRjYXqBQ=
  dependencies:
    an-array "^1.0.0"
    dtype "^2.0.0"
    is-buffer "^1.0.2"

query-string@^5.0.1:
  version "5.1.1"
  resolved "https://registry.yarnpkg.com/query-string/-/query-string-5.1.1.tgz#a78c012b71c17e05f2e3fa2319dd330682efb3cb"
  integrity sha512-gjWOsm2SoGlgLEdAGt7a6slVOk9mGiXmPFMqrEhLQ68rhQuBnpfs3+EmlvqKyxnCo9/PPlF+9MtY02S1aFg+Jw==
  dependencies:
    decode-uri-component "^0.2.0"
    object-assign "^4.1.0"
    strict-uri-encode "^1.0.0"

sax@>=0.6.0:
  version "1.2.4"
  resolved "https://registry.yarnpkg.com/sax/-/sax-1.2.4.tgz#2816234e2378bddc4e5354fab5caa895df7100d9"
  integrity sha512-NqVDv9TpANUjFm0N8uM5GxL36UgKi9/atZw+x7YFnQ8ckwFGKrl4xX4yWtrey3UJm5nP1kUbnYgLopqWNSRhWw==

simple-concat@^1.0.0:
  version "1.0.0"
  resolved "https://registry.yarnpkg.com/simple-concat/-/simple-concat-1.0.0.tgz#7344cbb8b6e26fb27d66b2fc86f9f6d5997521c6"
  integrity sha1-c0TLuLbib7J9ZrL8hvn21Zl1IcY=

simple-get@^2.7.0:
  version "2.8.2"
  resolved "https://registry.yarnpkg.com/simple-get/-/simple-get-2.8.2.tgz#5708fb0919d440657326cd5fe7d2599d07705019"
  integrity sha512-Ijd/rV5o+mSBBs4F/x9oDPtTx9Zb6X9brmnXvMW4J7IR15ngi9q5xxqWBKU744jTZiaXtxaPL7uHG6vtN8kUkw==
  dependencies:
    decompress-response "^3.3.0"
    once "^1.3.1"
    simple-concat "^1.0.0"

strict-uri-encode@^1.0.0:
  version "1.1.0"
  resolved "https://registry.yarnpkg.com/strict-uri-encode/-/strict-uri-encode-1.1.0.tgz#279b225df1d582b1f54e65addd4352e18faa0713"
  integrity sha1-J5siXfHVgrH1TmWt3UNS4Y+qBxM=

super-animejs@^3.1.0:
  version "3.1.0"
  resolved "https://registry.yarnpkg.com/super-animejs/-/super-animejs-3.1.0.tgz#59435946faafe880710e348cf24ad3126e45aed1"
  integrity sha512-6MFAFJDRuvwkovxQZPruuyHinTa4rgj4hNLOndjcYYhZLckoXtVRY9rJPuq8p6c/tgZJrFYEAYAfJ2/hhNtUCA==

super-three@^0.111.5:
  version "0.111.5"
  resolved "https://registry.yarnpkg.com/super-three/-/super-three-0.111.5.tgz#201d6f1eaf1fc475d1a609c460fceafaf02e92f6"
  integrity sha512-buiuap/8a7//5dDnjVwgkRz5NcSFlMxclsPZDsSmN2z8m2AccK/SneGPqA7d02N/BUKaS0qtFqnLKVb3WZ1Zzg==

three-bmfont-text@dmarcos/three-bmfont-text#1babdf8507:
  version "2.3.0"
  uid "1babdf8507c731a18f8af3b807292e2b9740955e"
  resolved "https://codeload.github.com/dmarcos/three-bmfont-text/tar.gz/1babdf8507c731a18f8af3b807292e2b9740955e"
  dependencies:
    array-shuffle "^1.0.1"
    inherits "^2.0.1"
    layout-bmfont-text "^1.2.0"
    nice-color-palettes "^1.0.1"
    object-assign "^4.0.1"
    quad-indices "^2.0.1"
    three-buffer-vertex-data dmarcos/three-buffer-vertex-data#69378fc58daf27d3b1d930df9f233473e4a4818c

three-buffer-vertex-data@dmarcos/three-buffer-vertex-data#69378fc58daf27d3b1d930df9f233473e4a4818c:
  version "1.1.0"
  resolved "https://codeload.github.com/dmarcos/three-buffer-vertex-data/tar.gz/69378fc58daf27d3b1d930df9f233473e4a4818c"
  dependencies:
    flatten-vertex-data "^1.0.0"

timed-out@^4.0.1:
  version "4.0.1"
  resolved "https://registry.yarnpkg.com/timed-out/-/timed-out-4.0.1.tgz#f32eacac5a175bea25d7fab565ab3ed8741ef56f"
  integrity sha1-8y6srFoXW+ol1/q1Zas+2HQe9W8=

url-set-query@^1.0.0:
  version "1.0.0"
  resolved "https://registry.yarnpkg.com/url-set-query/-/url-set-query-1.0.0.tgz#016e8cfd7c20ee05cafe7795e892bd0702faa339"
  integrity sha1-AW6M/Xwg7gXK/neV6JK9BwL6ozk=

webvr-polyfill-dpdb@^1.0.17:
  version "1.0.17"
  resolved "https://registry.yarnpkg.com/webvr-polyfill-dpdb/-/webvr-polyfill-dpdb-1.0.17.tgz#1165e964c9f6bd69cd36b02cd1dc0ece4ca833ca"
  integrity sha512-WOd4s0gSrb0fOlOtIpqFbwLBATax/ka7DFAB/u+C9KJBBJk1/x/FZlFynOqsNrUxMJniOdO7ViFJwVdMScMQzA==

webvr-polyfill@^0.10.10:
  version "0.10.11"
  resolved "https://registry.yarnpkg.com/webvr-polyfill/-/webvr-polyfill-0.10.11.tgz#6c90c916fea0c9003fdc41d14d6ce02817e7b9a7"
  integrity sha512-mzTuMpC3W/aKmm5QxYtTzXAxhVo3tR4c0D5Kihk8Q38GVxiCOvS4Ga4LBN8CsFVpXu1WkGeuf/hMzF75iWYiyA==
  dependencies:
    cardboard-vr-display "^1.0.18"

word-wrapper@^1.0.7:
  version "1.0.7"
  resolved "https://registry.yarnpkg.com/word-wrapper/-/word-wrapper-1.0.7.tgz#1f14afebf66dfdf0fef55efd37184efbd08c28b6"
  integrity sha1-HxSv6/Zt/fD+9V79NxhO+9CMKLY=

wrappy@1:
  version "1.0.2"
  resolved "https://registry.yarnpkg.com/wrappy/-/wrappy-1.0.2.tgz#b5243d8f3ec1aa35f1364605bc0d1036e30ab69f"
  integrity sha1-tSQ9jz7BqjXxNkYFvA0QNuMKtp8=

xhr-request@^1.0.1:
  version "1.1.0"
  resolved "https://registry.yarnpkg.com/xhr-request/-/xhr-request-1.1.0.tgz#f4a7c1868b9f198723444d82dcae317643f2e2ed"
  integrity sha512-Y7qzEaR3FDtL3fP30k9wO/e+FBnBByZeybKOhASsGP30NIkRAAkKD/sCnLvgEfAIEC1rcmK7YG8f4oEnIrrWzA==
  dependencies:
    buffer-to-arraybuffer "^0.0.5"
    object-assign "^4.1.1"
    query-string "^5.0.1"
    simple-get "^2.7.0"
    timed-out "^4.0.1"
    url-set-query "^1.0.0"
    xhr "^2.0.4"

xhr@^2.0.1, xhr@^2.0.4:
  version "2.5.0"
  resolved "https://registry.yarnpkg.com/xhr/-/xhr-2.5.0.tgz#bed8d1676d5ca36108667692b74b316c496e49dd"
  integrity sha512-4nlO/14t3BNUZRXIXfXe+3N6w3s1KoxcJUUURctd64BLRe67E4gRwp4PjywtDY72fXpZ1y6Ch0VZQRY/gMPzzQ==
  dependencies:
    global "~4.3.0"
    is-function "^1.0.1"
    parse-headers "^2.0.0"
    xtend "^4.0.0"

xml-parse-from-string@^1.0.0:
  version "1.0.1"
  resolved "https://registry.yarnpkg.com/xml-parse-from-string/-/xml-parse-from-string-1.0.1.tgz#a9029e929d3dbcded169f3c6e28238d95a5d5a28"
  integrity sha1-qQKekp09vN7RafPG4oI42VpdWig=

xml2js@^0.4.5:
  version "0.4.23"
  resolved "https://registry.yarnpkg.com/xml2js/-/xml2js-0.4.23.tgz#a0c69516752421eb2ac758ee4d4ccf58843eac66"
  integrity sha512-ySPiMjM0+pLDftHgXY4By0uswI3SPKLDw/i3UXbnO8M/p28zqexCUoPmQFrYD+/1BzhGJSs2i1ERWKJAtiLrug==
  dependencies:
    sax ">=0.6.0"
    xmlbuilder "~11.0.0"

xmlbuilder@~11.0.0:
  version "11.0.1"
  resolved "https://registry.yarnpkg.com/xmlbuilder/-/xmlbuilder-11.0.1.tgz#be9bae1c8a046e76b31127726347d0ad7002beb3"
  integrity sha512-fDlsI/kFEx7gLvbecc0/ohLG50fugQp8ryHzMTuW9vSa1GJ0XYWKnhsUx7oie3G98+r56aTQIUB4kht42R3JvA==

xtend@^4.0.0:
  version "4.0.2"
  resolved "https://registry.yarnpkg.com/xtend/-/xtend-4.0.2.tgz#bb72779f5fa465186b1f438f674fa347fdb5db54"
  integrity sha512-LKYU1iAXJXUgAXn9URjiu+MWhyUXHsvfp7mcuYm9dSUKK0/CjtrUwFAxD82/mCWbtLsGjFIad0wIsod4zrTAEQ==
